// !$*UTF8*$!
{
	archiveVersion = 1;
	classes = {
	};
	objectVersion = 50;
	objects = {

/* Begin PBXBuildFile section */
		4A646BCB57815E7DD0382ED5 /* Pods_4all_Test.framework in Frameworks */ = {isa = PBXBuildFile; fileRef = AC73BB4F3188611E6979C0EB /* Pods_4all_Test.framework */; };
		C55BC71722345F0A00915BED /* ListItemTableViewCell.swift in Sources */ = {isa = PBXBuildFile; fileRef = C55BC71622345F0A00915BED /* ListItemTableViewCell.swift */; };
		C55BC71A22360F3400915BED /* RoundUIView.swift in Sources */ = {isa = PBXBuildFile; fileRef = C55BC71922360F3400915BED /* RoundUIView.swift */; };
		C55BC71D2236123600915BED /* UIImageView.swift in Sources */ = {isa = PBXBuildFile; fileRef = C55BC71C2236123600915BED /* UIImageView.swift */; };
		C55BC722223626D300915BED /* CommentView.swift in Sources */ = {isa = PBXBuildFile; fileRef = C55BC721223626D300915BED /* CommentView.swift */; };
		C55BC724223626E000915BED /* CommentView.xib in Resources */ = {isa = PBXBuildFile; fileRef = C55BC723223626E000915BED /* CommentView.xib */; };
		C5ED52AB2233F69F000B20BF /* AppDelegate.swift in Sources */ = {isa = PBXBuildFile; fileRef = C5ED52AA2233F69F000B20BF /* AppDelegate.swift */; };
		C5ED52B02233F69F000B20BF /* Main.storyboard in Resources */ = {isa = PBXBuildFile; fileRef = C5ED52AE2233F69F000B20BF /* Main.storyboard */; };
		C5ED52B22233F6A0000B20BF /* Assets.xcassets in Resources */ = {isa = PBXBuildFile; fileRef = C5ED52B12233F6A0000B20BF /* Assets.xcassets */; };
		C5ED52B52233F6A0000B20BF /* LaunchScreen.storyboard in Resources */ = {isa = PBXBuildFile; fileRef = C5ED52B32233F6A0000B20BF /* LaunchScreen.storyboard */; };
		C5ED52C122340332000B20BF /* ListViewController.swift in Sources */ = {isa = PBXBuildFile; fileRef = C5ED52C022340332000B20BF /* ListViewController.swift */; };
		C5ED52C322340364000B20BF /* DetailViewController.swift in Sources */ = {isa = PBXBuildFile; fileRef = C5ED52C222340364000B20BF /* DetailViewController.swift */; };
		C5ED52C522340372000B20BF /* ServicesViewController.swift in Sources */ = {isa = PBXBuildFile; fileRef = C5ED52C422340372000B20BF /* ServicesViewController.swift */; };
		C5ED52C7223403BC000B20BF /* ListItem.swift in Sources */ = {isa = PBXBuildFile; fileRef = C5ED52C6223403BC000B20BF /* ListItem.swift */; };
		C5ED52C9223403CE000B20BF /* DetailItem.swift in Sources */ = {isa = PBXBuildFile; fileRef = C5ED52C8223403CE000B20BF /* DetailItem.swift */; };
		C5ED52CB22340404000B20BF /* ListItemViewModel.swift in Sources */ = {isa = PBXBuildFile; fileRef = C5ED52CA22340404000B20BF /* ListItemViewModel.swift */; };
		C5ED52CD2234041A000B20BF /* DetailItemViewModel.swift in Sources */ = {isa = PBXBuildFile; fileRef = C5ED52CC2234041A000B20BF /* DetailItemViewModel.swift */; };
		C5ED52CF2234050A000B20BF /* DataManager.swift in Sources */ = {isa = PBXBuildFile; fileRef = C5ED52CE2234050A000B20BF /* DataManager.swift */; };
		C5ED52D1223405EB000B20BF /* ConfigurationManager.swift in Sources */ = {isa = PBXBuildFile; fileRef = C5ED52D0223405EB000B20BF /* ConfigurationManager.swift */; };
		C5ED52D322340625000B20BF /* Configurations.swift in Sources */ = {isa = PBXBuildFile; fileRef = C5ED52D222340625000B20BF /* Configurations.swift */; };
		C5ED52D5223406C7000B20BF /* Configurations.plist in Resources */ = {isa = PBXBuildFile; fileRef = C5ED52D4223406C7000B20BF /* Configurations.plist */; };
/* End PBXBuildFile section */

/* Begin PBXFileReference section */
		6D9A96C2092139CB4ACFD2CC /* Pods-4all_Test.release.xcconfig */ = {isa = PBXFileReference; includeInIndex = 1; lastKnownFileType = text.xcconfig; name = "Pods-4all_Test.release.xcconfig"; path = "Target Support Files/Pods-4all_Test/Pods-4all_Test.release.xcconfig"; sourceTree = "<group>"; };
		AC73BB4F3188611E6979C0EB /* Pods_4all_Test.framework */ = {isa = PBXFileReference; explicitFileType = wrapper.framework; includeInIndex = 0; path = Pods_4all_Test.framework; sourceTree = BUILT_PRODUCTS_DIR; };
		C55BC71622345F0A00915BED /* ListItemTableViewCell.swift */ = {isa = PBXFileReference; lastKnownFileType = sourcecode.swift; path = ListItemTableViewCell.swift; sourceTree = "<group>"; };
		C55BC71922360F3400915BED /* RoundUIView.swift */ = {isa = PBXFileReference; lastKnownFileType = sourcecode.swift; path = RoundUIView.swift; sourceTree = "<group>"; };
		C55BC71C2236123600915BED /* UIImageView.swift */ = {isa = PBXFileReference; lastKnownFileType = sourcecode.swift; path = UIImageView.swift; sourceTree = "<group>"; };
		C55BC721223626D300915BED /* CommentView.swift */ = {isa = PBXFileReference; lastKnownFileType = sourcecode.swift; path = CommentView.swift; sourceTree = "<group>"; };
		C55BC723223626E000915BED /* CommentView.xib */ = {isa = PBXFileReference; lastKnownFileType = file.xib; path = CommentView.xib; sourceTree = "<group>"; };
		C5ED52A72233F69F000B20BF /* 4all_Test.app */ = {isa = PBXFileReference; explicitFileType = wrapper.application; includeInIndex = 0; path = 4all_Test.app; sourceTree = BUILT_PRODUCTS_DIR; };
		C5ED52AA2233F69F000B20BF /* AppDelegate.swift */ = {isa = PBXFileReference; lastKnownFileType = sourcecode.swift; path = AppDelegate.swift; sourceTree = "<group>"; };
		C5ED52AF2233F69F000B20BF /* Base */ = {isa = PBXFileReference; lastKnownFileType = file.storyboard; name = Base; path = Base.lproj/Main.storyboard; sourceTree = "<group>"; };
		C5ED52B12233F6A0000B20BF /* Assets.xcassets */ = {isa = PBXFileReference; lastKnownFileType = folder.assetcatalog; path = Assets.xcassets; sourceTree = "<group>"; };
		C5ED52B42233F6A0000B20BF /* Base */ = {isa = PBXFileReference; lastKnownFileType = file.storyboard; name = Base; path = Base.lproj/LaunchScreen.storyboard; sourceTree = "<group>"; };
		C5ED52B62233F6A0000B20BF /* Info.plist */ = {isa = PBXFileReference; lastKnownFileType = text.plist.xml; path = Info.plist; sourceTree = "<group>"; };
		C5ED52C022340332000B20BF /* ListViewController.swift */ = {isa = PBXFileReference; lastKnownFileType = sourcecode.swift; path = ListViewController.swift; sourceTree = "<group>"; };
		C5ED52C222340364000B20BF /* DetailViewController.swift */ = {isa = PBXFileReference; lastKnownFileType = sourcecode.swift; path = DetailViewController.swift; sourceTree = "<group>"; };
		C5ED52C422340372000B20BF /* ServicesViewController.swift */ = {isa = PBXFileReference; lastKnownFileType = sourcecode.swift; path = ServicesViewController.swift; sourceTree = "<group>"; };
		C5ED52C6223403BC000B20BF /* ListItem.swift */ = {isa = PBXFileReference; lastKnownFileType = sourcecode.swift; path = ListItem.swift; sourceTree = "<group>"; };
		C5ED52C8223403CE000B20BF /* DetailItem.swift */ = {isa = PBXFileReference; lastKnownFileType = sourcecode.swift; path = DetailItem.swift; sourceTree = "<group>"; };
		C5ED52CA22340404000B20BF /* ListItemViewModel.swift */ = {isa = PBXFileReference; lastKnownFileType = sourcecode.swift; path = ListItemViewModel.swift; sourceTree = "<group>"; };
		C5ED52CC2234041A000B20BF /* DetailItemViewModel.swift */ = {isa = PBXFileReference; lastKnownFileType = sourcecode.swift; path = DetailItemViewModel.swift; sourceTree = "<group>"; };
		C5ED52CE2234050A000B20BF /* DataManager.swift */ = {isa = PBXFileReference; lastKnownFileType = sourcecode.swift; path = DataManager.swift; sourceTree = "<group>"; };
		C5ED52D0223405EB000B20BF /* ConfigurationManager.swift */ = {isa = PBXFileReference; lastKnownFileType = sourcecode.swift; path = ConfigurationManager.swift; sourceTree = "<group>"; };
		C5ED52D222340625000B20BF /* Configurations.swift */ = {isa = PBXFileReference; lastKnownFileType = sourcecode.swift; path = Configurations.swift; sourceTree = "<group>"; };
		C5ED52D4223406C7000B20BF /* Configurations.plist */ = {isa = PBXFileReference; fileEncoding = 4; lastKnownFileType = text.plist.xml; path = Configurations.plist; sourceTree = "<group>"; };
		CEBC9A9489585555FC709937 /* Pods-4all_Test.debug.xcconfig */ = {isa = PBXFileReference; includeInIndex = 1; lastKnownFileType = text.xcconfig; name = "Pods-4all_Test.debug.xcconfig"; path = "Target Support Files/Pods-4all_Test/Pods-4all_Test.debug.xcconfig"; sourceTree = "<group>"; };
/* End PBXFileReference section */

/* Begin PBXFrameworksBuildPhase section */
		C5ED52A42233F69F000B20BF /* Frameworks */ = {
			isa = PBXFrameworksBuildPhase;
			buildActionMask = 2147483647;
			files = (
				4A646BCB57815E7DD0382ED5 /* Pods_4all_Test.framework in Frameworks */,
			);
			runOnlyForDeploymentPostprocessing = 0;
		};
/* End PBXFrameworksBuildPhase section */

/* Begin PBXGroup section */
		25585FD67E1E0DC49748B01C /* Pods */ = {
			isa = PBXGroup;
			children = (
				CEBC9A9489585555FC709937 /* Pods-4all_Test.debug.xcconfig */,
				6D9A96C2092139CB4ACFD2CC /* Pods-4all_Test.release.xcconfig */,
			);
			path = Pods;
			sourceTree = "<group>";
		};
		80D47B25ABC3576DE51F617C /* Frameworks */ = {
			isa = PBXGroup;
			children = (
				AC73BB4F3188611E6979C0EB /* Pods_4all_Test.framework */,
			);
			name = Frameworks;
			sourceTree = "<group>";
		};
		C55BC71822360F0F00915BED /* Custom Class */ = {
			isa = PBXGroup;
			children = (
				C55BC71922360F3400915BED /* RoundUIView.swift */,
			);
			path = "Custom Class";
			sourceTree = "<group>";
		};
		C55BC71B2236122000915BED /* Extensions */ = {
			isa = PBXGroup;
			children = (
				C55BC71C2236123600915BED /* UIImageView.swift */,
			);
			path = Extensions;
			sourceTree = "<group>";
		};
		C55BC7202236260C00915BED /* Custom View */ = {
			isa = PBXGroup;
			children = (
				C55BC721223626D300915BED /* CommentView.swift */,
				C55BC723223626E000915BED /* CommentView.xib */,
			);
			path = "Custom View";
			sourceTree = "<group>";
		};
		C5ED529E2233F69F000B20BF = {
			isa = PBXGroup;
			children = (
				C5ED52A92233F69F000B20BF /* 4all_Test */,
				C5ED52A82233F69F000B20BF /* Products */,
				25585FD67E1E0DC49748B01C /* Pods */,
				80D47B25ABC3576DE51F617C /* Frameworks */,
			);
			sourceTree = "<group>";
		};
		C5ED52A82233F69F000B20BF /* Products */ = {
			isa = PBXGroup;
			children = (
				C5ED52A72233F69F000B20BF /* 4all_Test.app */,
			);
			name = Products;
			sourceTree = "<group>";
		};
		C5ED52A92233F69F000B20BF /* 4all_Test */ = {
			isa = PBXGroup;
			children = (
				C5ED52AA2233F69F000B20BF /* AppDelegate.swift */,
				C5ED52BC22340236000B20BF /* View */,
				C5ED52BD2234024B000B20BF /* ViewModel */,
				C5ED52BE2234026C000B20BF /* Model */,
				C5ED52BF22340280000B20BF /* Services */,
				C55BC71B2236122000915BED /* Extensions */,
				C5ED52AE2233F69F000B20BF /* Main.storyboard */,
				C5ED52B12233F6A0000B20BF /* Assets.xcassets */,
				C5ED52B32233F6A0000B20BF /* LaunchScreen.storyboard */,
				C5ED52D4223406C7000B20BF /* Configurations.plist */,
				C5ED52B62233F6A0000B20BF /* Info.plist */,
			);
			path = 4all_Test;
			sourceTree = "<group>";
		};
		C5ED52BC22340236000B20BF /* View */ = {
			isa = PBXGroup;
			children = (
				C5ED52C022340332000B20BF /* ListViewController.swift */,
				C5ED52C222340364000B20BF /* DetailViewController.swift */,
				C5ED52C422340372000B20BF /* ServicesViewController.swift */,
				C55BC7202236260C00915BED /* Custom View */,
				C5ED52D6223456C8000B20BF /* Custom Cell */,
				C55BC71822360F0F00915BED /* Custom Class */,
			);
			path = View;
			sourceTree = "<group>";
		};
		C5ED52BD2234024B000B20BF /* ViewModel */ = {
			isa = PBXGroup;
			children = (
				C5ED52CA22340404000B20BF /* ListItemViewModel.swift */,
				C5ED52CC2234041A000B20BF /* DetailItemViewModel.swift */,
			);
			path = ViewModel;
			sourceTree = "<group>";
		};
		C5ED52BE2234026C000B20BF /* Model */ = {
			isa = PBXGroup;
			children = (
				C5ED52C6223403BC000B20BF /* ListItem.swift */,
				C5ED52C8223403CE000B20BF /* DetailItem.swift */,
				C5ED52D222340625000B20BF /* Configurations.swift */,
			);
			path = Model;
			sourceTree = "<group>";
		};
		C5ED52BF22340280000B20BF /* Services */ = {
			isa = PBXGroup;
			children = (
				C5ED52CE2234050A000B20BF /* DataManager.swift */,
				C5ED52D0223405EB000B20BF /* ConfigurationManager.swift */,
			);
			path = Services;
			sourceTree = "<group>";
		};
		C5ED52D6223456C8000B20BF /* Custom Cell */ = {
			isa = PBXGroup;
			children = (
				C55BC71622345F0A00915BED /* ListItemTableViewCell.swift */,
			);
			path = "Custom Cell";
			sourceTree = "<group>";
		};
/* End PBXGroup section */

/* Begin PBXNativeTarget section */
		C5ED52A62233F69F000B20BF /* 4all_Test */ = {
			isa = PBXNativeTarget;
			buildConfigurationList = C5ED52B92233F6A0000B20BF /* Build configuration list for PBXNativeTarget "4all_Test" */;
			buildPhases = (
				333B63362A29DF29A6D44D51 /* [CP] Check Pods Manifest.lock */,
				C5ED52A32233F69F000B20BF /* Sources */,
				C5ED52A42233F69F000B20BF /* Frameworks */,
				C5ED52A52233F69F000B20BF /* Resources */,
				307B5048BD00ACFD63F77D69 /* [CP] Embed Pods Frameworks */,
			);
			buildRules = (
			);
			dependencies = (
			);
			name = 4all_Test;
			productName = 4all_Test;
			productReference = C5ED52A72233F69F000B20BF /* 4all_Test.app */;
			productType = "com.apple.product-type.application";
		};
/* End PBXNativeTarget section */

/* Begin PBXProject section */
		C5ED529F2233F69F000B20BF /* Project object */ = {
			isa = PBXProject;
			attributes = {
				LastSwiftUpdateCheck = 1010;
				LastUpgradeCheck = 1010;
				ORGANIZATIONNAME = "Henrique Velloso";
				TargetAttributes = {
					C5ED52A62233F69F000B20BF = {
						CreatedOnToolsVersion = 10.1;
						LastSwiftMigration = 1020;
					};
				};
			};
			buildConfigurationList = C5ED52A22233F69F000B20BF /* Build configuration list for PBXProject "4all_Test" */;
			compatibilityVersion = "Xcode 9.3";
			developmentRegion = en;
			hasScannedForEncodings = 0;
			knownRegions = (
				en,
				Base,
			);
			mainGroup = C5ED529E2233F69F000B20BF;
			productRefGroup = C5ED52A82233F69F000B20BF /* Products */;
			projectDirPath = "";
			projectRoot = "";
			targets = (
				C5ED52A62233F69F000B20BF /* 4all_Test */,
			);
		};
/* End PBXProject section */

/* Begin PBXResourcesBuildPhase section */
		C5ED52A52233F69F000B20BF /* Resources */ = {
			isa = PBXResourcesBuildPhase;
			buildActionMask = 2147483647;
			files = (
				C5ED52B52233F6A0000B20BF /* LaunchScreen.storyboard in Resources */,
				C55BC724223626E000915BED /* CommentView.xib in Resources */,
				C5ED52D5223406C7000B20BF /* Configurations.plist in Resources */,
				C5ED52B22233F6A0000B20BF /* Assets.xcassets in Resources */,
				C5ED52B02233F69F000B20BF /* Main.storyboard in Resources */,
			);
			runOnlyForDeploymentPostprocessing = 0;
		};
/* End PBXResourcesBuildPhase section */

/* Begin PBXShellScriptBuildPhase section */
		307B5048BD00ACFD63F77D69 /* [CP] Embed Pods Frameworks */ = {
			isa = PBXShellScriptBuildPhase;
			buildActionMask = 2147483647;
			files = (
			);
			inputFileListPaths = (
			);
			inputPaths = (
				"${PODS_ROOT}/Target Support Files/Pods-4all_Test/Pods-4all_Test-frameworks.sh",
				"${BUILT_PRODUCTS_DIR}/Kingfisher/Kingfisher.framework",
			);
			name = "[CP] Embed Pods Frameworks";
			outputFileListPaths = (
			);
			outputPaths = (
				"${TARGET_BUILD_DIR}/${FRAMEWORKS_FOLDER_PATH}/Kingfisher.framework",
			);
			runOnlyForDeploymentPostprocessing = 0;
			shellPath = /bin/sh;
			shellScript = "\"${PODS_ROOT}/Target Support Files/Pods-4all_Test/Pods-4all_Test-frameworks.sh\"\n";
			showEnvVarsInLog = 0;
		};
		333B63362A29DF29A6D44D51 /* [CP] Check Pods Manifest.lock */ = {
			isa = PBXShellScriptBuildPhase;
			buildActionMask = 2147483647;
			files = (
			);
			inputFileListPaths = (
			);
			inputPaths = (
				"${PODS_PODFILE_DIR_PATH}/Podfile.lock",
				"${PODS_ROOT}/Manifest.lock",
			);
			name = "[CP] Check Pods Manifest.lock";
			outputFileListPaths = (
			);
			outputPaths = (
				"$(DERIVED_FILE_DIR)/Pods-4all_Test-checkManifestLockResult.txt",
			);
			runOnlyForDeploymentPostprocessing = 0;
			shellPath = /bin/sh;
			shellScript = "diff \"${PODS_PODFILE_DIR_PATH}/Podfile.lock\" \"${PODS_ROOT}/Manifest.lock\" > /dev/null\nif [ $? != 0 ] ; then\n    # print error to STDERR\n    echo \"error: The sandbox is not in sync with the Podfile.lock. Run 'pod install' or update your CocoaPods installation.\" >&2\n    exit 1\nfi\n# This output is used by Xcode 'outputs' to avoid re-running this script phase.\necho \"SUCCESS\" > \"${SCRIPT_OUTPUT_FILE_0}\"\n";
			showEnvVarsInLog = 0;
		};
/* End PBXShellScriptBuildPhase section */

/* Begin PBXSourcesBuildPhase section */
		C5ED52A32233F69F000B20BF /* Sources */ = {
			isa = PBXSourcesBuildPhase;
			buildActionMask = 2147483647;
			files = (
				C5ED52D1223405EB000B20BF /* ConfigurationManager.swift in Sources */,
				C5ED52C7223403BC000B20BF /* ListItem.swift in Sources */,
				C55BC71D2236123600915BED /* UIImageView.swift in Sources */,
				C55BC722223626D300915BED /* CommentView.swift in Sources */,
				C5ED52C322340364000B20BF /* DetailViewController.swift in Sources */,
				C5ED52CD2234041A000B20BF /* DetailItemViewModel.swift in Sources */,
				C55BC71A22360F3400915BED /* RoundUIView.swift in Sources */,
				C5ED52C122340332000B20BF /* ListViewController.swift in Sources */,
				C5ED52C9223403CE000B20BF /* DetailItem.swift in Sources */,
				C5ED52C522340372000B20BF /* ServicesViewController.swift in Sources */,
				C5ED52AB2233F69F000B20BF /* AppDelegate.swift in Sources */,
				C55BC71722345F0A00915BED /* ListItemTableViewCell.swift in Sources */,
				C5ED52CF2234050A000B20BF /* DataManager.swift in Sources */,
				C5ED52CB22340404000B20BF /* ListItemViewModel.swift in Sources */,
				C5ED52D322340625000B20BF /* Configurations.swift in Sources */,
			);
			runOnlyForDeploymentPostprocessing = 0;
		};
/* End PBXSourcesBuildPhase section */

/* Begin PBXVariantGroup section */
		C5ED52AE2233F69F000B20BF /* Main.storyboard */ = {
			isa = PBXVariantGroup;
			children = (
				C5ED52AF2233F69F000B20BF /* Base */,
			);
			name = Main.storyboard;
			sourceTree = "<group>";
		};
		C5ED52B32233F6A0000B20BF /* LaunchScreen.storyboard */ = {
			isa = PBXVariantGroup;
			children = (
				C5ED52B42233F6A0000B20BF /* Base */,
			);
			name = LaunchScreen.storyboard;
			sourceTree = "<group>";
		};
/* End PBXVariantGroup section */

/* Begin XCBuildConfiguration section */
		C5ED52B72233F6A0000B20BF /* Debug */ = {
			isa = XCBuildConfiguration;
			buildSettings = {
				ALWAYS_SEARCH_USER_PATHS = NO;
				CLANG_ANALYZER_NONNULL = YES;
				CLANG_ANALYZER_NUMBER_OBJECT_CONVERSION = YES_AGGRESSIVE;
				CLANG_CXX_LANGUAGE_STANDARD = "gnu++14";
				CLANG_CXX_LIBRARY = "libc++";
				CLANG_ENABLE_MODULES = YES;
				CLANG_ENABLE_OBJC_ARC = YES;
				CLANG_ENABLE_OBJC_WEAK = YES;
				CLANG_WARN_BLOCK_CAPTURE_AUTORELEASING = YES;
				CLANG_WARN_BOOL_CONVERSION = YES;
				CLANG_WARN_COMMA = YES;
				CLANG_WARN_CONSTANT_CONVERSION = YES;
				CLANG_WARN_DEPRECATED_OBJC_IMPLEMENTATIONS = YES;
				CLANG_WARN_DIRECT_OBJC_ISA_USAGE = YES_ERROR;
				CLANG_WARN_DOCUMENTATION_COMMENTS = YES;
				CLANG_WARN_EMPTY_BODY = YES;
				CLANG_WARN_ENUM_CONVERSION = YES;
				CLANG_WARN_INFINITE_RECURSION = YES;
				CLANG_WARN_INT_CONVERSION = YES;
				CLANG_WARN_NON_LITERAL_NULL_CONVERSION = YES;
				CLANG_WARN_OBJC_IMPLICIT_RETAIN_SELF = YES;
				CLANG_WARN_OBJC_LITERAL_CONVERSION = YES;
				CLANG_WARN_OBJC_ROOT_CLASS = YES_ERROR;
				CLANG_WARN_RANGE_LOOP_ANALYSIS = YES;
				CLANG_WARN_STRICT_PROTOTYPES = YES;
				CLANG_WARN_SUSPICIOUS_MOVE = YES;
				CLANG_WARN_UNGUARDED_AVAILABILITY = YES_AGGRESSIVE;
				CLANG_WARN_UNREACHABLE_CODE = YES;
				CLANG_WARN__DUPLICATE_METHOD_MATCH = YES;
				CODE_SIGN_IDENTITY = "iPhone Developer";
				COPY_PHASE_STRIP = NO;
				DEBUG_INFORMATION_FORMAT = dwarf;
				ENABLE_STRICT_OBJC_MSGSEND = YES;
				ENABLE_TESTABILITY = YES;
				GCC_C_LANGUAGE_STANDARD = gnu11;
				GCC_DYNAMIC_NO_PIC = NO;
				GCC_NO_COMMON_BLOCKS = YES;
				GCC_OPTIMIZATION_LEVEL = 0;
				GCC_PREPROCESSOR_DEFINITIONS = (
					"DEBUG=1",
					"$(inherited)",
				);
				GCC_WARN_64_TO_32_BIT_CONVERSION = YES;
				GCC_WARN_ABOUT_RETURN_TYPE = YES_ERROR;
				GCC_WARN_UNDECLARED_SELECTOR = YES;
				GCC_WARN_UNINITIALIZED_AUTOS = YES_AGGRESSIVE;
				GCC_WARN_UNUSED_FUNCTION = YES;
				GCC_WARN_UNUSED_VARIABLE = YES;
				IPHONEOS_DEPLOYMENT_TARGET = 12.1;
				MTL_ENABLE_DEBUG_INFO = INCLUDE_SOURCE;
				MTL_FAST_MATH = YES;
				ONLY_ACTIVE_ARCH = YES;
				SDKROOT = iphoneos;
				SWIFT_ACTIVE_COMPILATION_CONDITIONS = DEBUG;
				SWIFT_OPTIMIZATION_LEVEL = "-Onone";
			};
			name = Debug;
		};
		C5ED52B82233F6A0000B20BF /* Release */ = {
			isa = XCBuildConfiguration;
			buildSettings = {
				ALWAYS_SEARCH_USER_PATHS = NO;
				CLANG_ANALYZER_NONNULL = YES;
				CLANG_ANALYZER_NUMBER_OBJECT_CONVERSION = YES_AGGRESSIVE;
				CLANG_CXX_LANGUAGE_STANDARD = "gnu++14";
				CLANG_CXX_LIBRARY = "libc++";
				CLANG_ENABLE_MODULES = YES;
				CLANG_ENABLE_OBJC_ARC = YES;
				CLANG_ENABLE_OBJC_WEAK = YES;
				CLANG_WARN_BLOCK_CAPTURE_AUTORELEASING = YES;
				CLANG_WARN_BOOL_CONVERSION = YES;
				CLANG_WARN_COMMA = YES;
				CLANG_WARN_CONSTANT_CONVERSION = YES;
				CLANG_WARN_DEPRECATED_OBJC_IMPLEMENTATIONS = YES;
				CLANG_WARN_DIRECT_OBJC_ISA_USAGE = YES_ERROR;
				CLANG_WARN_DOCUMENTATION_COMMENTS = YES;
				CLANG_WARN_EMPTY_BODY = YES;
				CLANG_WARN_ENUM_CONVERSION = YES;
				CLANG_WARN_INFINITE_RECURSION = YES;
				CLANG_WARN_INT_CONVERSION = YES;
				CLANG_WARN_NON_LITERAL_NULL_CONVERSION = YES;
				CLANG_WARN_OBJC_IMPLICIT_RETAIN_SELF = YES;
				CLANG_WARN_OBJC_LITERAL_CONVERSION = YES;
				CLANG_WARN_OBJC_ROOT_CLASS = YES_ERROR;
				CLANG_WARN_RANGE_LOOP_ANALYSIS = YES;
				CLANG_WARN_STRICT_PROTOTYPES = YES;
				CLANG_WARN_SUSPICIOUS_MOVE = YES;
				CLANG_WARN_UNGUARDED_AVAILABILITY = YES_AGGRESSIVE;
				CLANG_WARN_UNREACHABLE_CODE = YES;
				CLANG_WARN__DUPLICATE_METHOD_MATCH = YES;
				CODE_SIGN_IDENTITY = "iPhone Developer";
				COPY_PHASE_STRIP = NO;
				DEBUG_INFORMATION_FORMAT = "dwarf-with-dsym";
				ENABLE_NS_ASSERTIONS = NO;
				ENABLE_STRICT_OBJC_MSGSEND = YES;
				GCC_C_LANGUAGE_STANDARD = gnu11;
				GCC_NO_COMMON_BLOCKS = YES;
				GCC_WARN_64_TO_32_BIT_CONVERSION = YES;
				GCC_WARN_ABOUT_RETURN_TYPE = YES_ERROR;
				GCC_WARN_UNDECLARED_SELECTOR = YES;
				GCC_WARN_UNINITIALIZED_AUTOS = YES_AGGRESSIVE;
				GCC_WARN_UNUSED_FUNCTION = YES;
				GCC_WARN_UNUSED_VARIABLE = YES;
				IPHONEOS_DEPLOYMENT_TARGET = 12.1;
				MTL_ENABLE_DEBUG_INFO = NO;
				MTL_FAST_MATH = YES;
				SDKROOT = iphoneos;
				SWIFT_COMPILATION_MODE = wholemodule;
				SWIFT_OPTIMIZATION_LEVEL = "-O";
				VALIDATE_PRODUCT = YES;
			};
			name = Release;
		};
		C5ED52BA2233F6A0000B20BF /* Debug */ = {
			isa = XCBuildConfiguration;
			baseConfigurationReference = CEBC9A9489585555FC709937 /* Pods-4all_Test.debug.xcconfig */;
			buildSettings = {
				ASSETCATALOG_COMPILER_APPICON_NAME = AppIcon;
				CODE_SIGN_STYLE = Automatic;
				DEVELOPMENT_TEAM = "";
				INFOPLIST_FILE = 4all_Test/Info.plist;
				LD_RUNPATH_SEARCH_PATHS = (
					"$(inherited)",
					"@executable_path/Frameworks",
				);
				PRODUCT_BUNDLE_IDENTIFIER = "com.HenriqueVelloso.-all-Test";
				PRODUCT_NAME = "$(TARGET_NAME)";
				SWIFT_VERSION = 4.2;
				TARGETED_DEVICE_FAMILY = "1,2";
			};
			name = Debug;
		};
		C5ED52BB2233F6A0000B20BF /* Release */ = {
			isa = XCBuildConfiguration;
			baseConfigurationReference = 6D9A96C2092139CB4ACFD2CC /* Pods-4all_Test.release.xcconfig */;
			buildSettings = {
				ASSETCATALOG_COMPILER_APPICON_NAME = AppIcon;
				CODE_SIGN_STYLE = Automatic;
				DEVELOPMENT_TEAM = "";
				INFOPLIST_FILE = 4all_Test/Info.plist;
				LD_RUNPATH_SEARCH_PATHS = (
					"$(inherited)",
					"@executable_path/Frameworks",
				);
				PRODUCT_BUNDLE_IDENTIFIER = "com.HenriqueVelloso.-all-Test";
				PRODUCT_NAME = "$(TARGET_NAME)";
				SWIFT_VERSION = 4.2;
				TARGETED_DEVICE_FAMILY = "1,2";
			};
			name = Release;
		};
/* End XCBuildConfiguration section */

/* Begin XCConfigurationList section */
		C5ED52A22233F69F000B20BF /* Build configuration list for PBXProject "4all_Test" */ = {
			isa = XCConfigurationList;
			buildConfigurations = (
				C5ED52B72233F6A0000B20BF /* Debug */,
				C5ED52B82233F6A0000B20BF /* Release */,
			);
			defaultConfigurationIsVisible = 0;
			defaultConfigurationName = Release;
		};
		C5ED52B92233F6A0000B20BF /* Build configuration list for PBXNativeTarget "4all_Test" */ = {
			isa = XCConfigurationList;
			buildConfigurations = (
				C5ED52BA2233F6A0000B20BF /* Debug */,
				C5ED52BB2233F6A0000B20BF /* Release */,
			);
			defaultConfigurationIsVisible = 0;
			defaultConfigurationName = Release;
		};
/* End XCConfigurationList section */
	};
	rootObject = C5ED529F2233F69F000B20BF /* Project object */;
}
